
Microsoft Visual Studio Solution File, Format Version 12.00
# Visual Studio Version 16
VisualStudioVersion = 16.0.30621.155
MinimumVisualStudioVersion = 10.0.40219.1
Project("{FAE04EC0-301F-11D3-BF4B-00C04F79EFBC}") = "ac", "ac\ac.csproj", "{1F1F3FC9-E628-4624-870C-3EFB179F44B0}"
EndProject
Global
	GlobalSection(SolutionConfigurationPlatforms) = preSolution
		Debug|Any CPU = Debug|Any CPU
		Release|Any CPU = Release|Any CPU
	EndGlobalSection
	GlobalSection(ProjectConfigurationPlatforms) = postSolution
		{1F1F3FC9-E628-4624-870C-3EFB179F44B0}.Debug|Any CPU.ActiveCfg = Debug|Any CPU
		{1F1F3FC9-E628-4624-870C-3EFB179F44B0}.Debug|Any CPU.Build.0 = Debug|Any CPU
		{1F1F3FC9-E628-4624-870C-3EFB179F44B0}.Release|Any CPU.ActiveCfg = Release|Any CPU
		{1F1F3FC9-E628-4624-870C-3EFB179F44B0}.Release|Any CPU.Build.0 = Release|Any CPU
	EndGlobalSection
	GlobalSection(SolutionProperties) = preSolution
		HideSolutionNode = FALSE
	EndGlobalSection
	GlobalSection(ExtensibilityGlobals) = postSolution
		SolutionGuid = {ECE9CC8A-93BB-4F02-AF26-182982E4CF20}
	EndGlobalSection
EndGlobal
